
Microsoft Visual Studio Solution File, Format Version 12.00
# Visual Studio Version 16
VisualStudioVersion = 16.0.28809.33
MinimumVisualStudioVersion = 10.0.40219.1
Project("{FAE04EC0-301F-11D3-BF4B-00C04F79EFBC}") = "ATF.Repository", "ATF.Repository\ATF.Repository.csproj", "{F6E64FAD-5F5C-46CD-95C1-07E9258810BA}"
EndProject
Project("{FAE04EC0-301F-11D3-BF4B-00C04F79EFBC}") = "ATF.Repository.Tests", "ATF.Repository.Tests\ATF.Repository.Tests.csproj", "{B7327963-48AF-4B5B-A166-4A115D2821DC}"
EndProject
Global
	GlobalSection(SolutionConfigurationPlatforms) = preSolution
		Debug|Any CPU = Debug|Any CPU
		Release|Any CPU = Release|Any CPU
	EndGlobalSection
	GlobalSection(ProjectConfigurationPlatforms) = postSolution
		{F6E64FAD-5F5C-46CD-95C1-07E9258810BA}.Debug|Any CPU.ActiveCfg = Debug|Any CPU
		{F6E64FAD-5F5C-46CD-95C1-07E9258810BA}.Debug|Any CPU.Build.0 = Debug|Any CPU
		{F6E64FAD-5F5C-46CD-95C1-07E9258810BA}.Release|Any CPU.ActiveCfg = Release|Any CPU
		{F6E64FAD-5F5C-46CD-95C1-07E9258810BA}.Release|Any CPU.Build.0 = Release|Any CPU
		{B7327963-48AF-4B5B-A166-4A115D2821DC}.Debug|Any CPU.ActiveCfg = Debug|Any CPU
		{B7327963-48AF-4B5B-A166-4A115D2821DC}.Debug|Any CPU.Build.0 = Debug|Any CPU
		{B7327963-48AF-4B5B-A166-4A115D2821DC}.Release|Any CPU.ActiveCfg = Release|Any CPU
		{B7327963-48AF-4B5B-A166-4A115D2821DC}.Release|Any CPU.Build.0 = Release|Any CPU
	EndGlobalSection
	GlobalSection(SolutionProperties) = preSolution
		HideSolutionNode = FALSE
	EndGlobalSection
	GlobalSection(ExtensibilityGlobals) = postSolution
		SolutionGuid = {A404B04D-2302-40AD-8C95-F7BC1C03A8E8}
	EndGlobalSection
EndGlobal
